// !$*UTF8*$!
{
	archiveVersion = 1;
	classes = {
	};
	objectVersion = 48;
	objects = {

/* Begin PBXBuildFile section */
		1476DDF22071F46000D0414A /* MaioError.m in Sources */ = {isa = PBXBuildFile; fileRef = 1476DDF12071F46000D0414A /* MaioError.m */; };
		147F28A520299A5400E1FECA /* AppDelegate.m in Sources */ = {isa = PBXBuildFile; fileRef = 147F28A420299A5400E1FECA /* AppDelegate.m */; };
		147F28A820299A5400E1FECA /* ViewController.m in Sources */ = {isa = PBXBuildFile; fileRef = 147F28A720299A5400E1FECA /* ViewController.m */; };
		147F28AB20299A5400E1FECA /* Main.storyboard in Resources */ = {isa = PBXBuildFile; fileRef = 147F28A920299A5400E1FECA /* Main.storyboard */; };
		147F28AD20299A5400E1FECA /* Assets.xcassets in Resources */ = {isa = PBXBuildFile; fileRef = 147F28AC20299A5400E1FECA /* Assets.xcassets */; };
		147F28B020299A5400E1FECA /* LaunchScreen.storyboard in Resources */ = {isa = PBXBuildFile; fileRef = 147F28AE20299A5400E1FECA /* LaunchScreen.storyboard */; };
		147F28B320299A5400E1FECA /* main.m in Sources */ = {isa = PBXBuildFile; fileRef = 147F28B220299A5400E1FECA /* main.m */; };
		147F2DDC202AB8D200E1FECA /* MaioInterstitial.m in Sources */ = {isa = PBXBuildFile; fileRef = 147F2DDB202AB8D200E1FECA /* MaioInterstitial.m */; };
		147F2DDF202ABA6B00E1FECA /* MaioCredentials.m in Sources */ = {isa = PBXBuildFile; fileRef = 147F2DDE202ABA6B00E1FECA /* MaioCredentials.m */; };
		147F2DE1202AC21800E1FECA /* Maio.framework in Frameworks */ = {isa = PBXBuildFile; fileRef = 147F2DE0202AC21800E1FECA /* Maio.framework */; };
		147F2DE5202ADDA200E1FECA /* MaioRewardedVideo.m in Sources */ = {isa = PBXBuildFile; fileRef = 147F2DE4202ADDA200E1FECA /* MaioRewardedVideo.m */; };
		147F2DE8202AF05200E1FECA /* MaioManager.m in Sources */ = {isa = PBXBuildFile; fileRef = 147F2DE7202AF05200E1FECA /* MaioManager.m */; };
		1F51733FF7F1B88C8BEF6988 /* Pods_mopub_ObjectiveC.framework in Frameworks */ = {isa = PBXBuildFile; fileRef = B340301F382FB97BF9BAB4C6 /* Pods_mopub_ObjectiveC.framework */; };
		C21EEF682267352C00F3B485 /* MaioAdapterConfiguration.m in Sources */ = {isa = PBXBuildFile; fileRef = C21EEF672267352C00F3B485 /* MaioAdapterConfiguration.m */; };
		C2696CB5229FDDCA00371E78 /* MaioAdStockOutRegister.m in Sources */ = {isa = PBXBuildFile; fileRef = C2696CB4229FDDCA00371E78 /* MaioAdStockOutRegister.m */; };
/* End PBXBuildFile section */

/* Begin PBXCopyFilesBuildPhase section */
		147F2B7020299FFF00E1FECA /* Embed Frameworks */ = {
			isa = PBXCopyFilesBuildPhase;
			buildActionMask = 2147483647;
			dstPath = "";
			dstSubfolderSpec = 10;
			files = (
			);
			name = "Embed Frameworks";
			runOnlyForDeploymentPostprocessing = 0;
		};
/* End PBXCopyFilesBuildPhase section */

/* Begin PBXFileReference section */
		1476DDF02071F46000D0414A /* MaioError.h */ = {isa = PBXFileReference; lastKnownFileType = sourcecode.c.h; path = MaioError.h; sourceTree = "<group>"; };
		1476DDF12071F46000D0414A /* MaioError.m */ = {isa = PBXFileReference; lastKnownFileType = sourcecode.c.objc; path = MaioError.m; sourceTree = "<group>"; };
		147F28A020299A5400E1FECA /* mopub.ObjectiveC.app */ = {isa = PBXFileReference; explicitFileType = wrapper.application; includeInIndex = 0; path = mopub.ObjectiveC.app; sourceTree = BUILT_PRODUCTS_DIR; };
		147F28A320299A5400E1FECA /* AppDelegate.h */ = {isa = PBXFileReference; lastKnownFileType = sourcecode.c.h; path = AppDelegate.h; sourceTree = "<group>"; };
		147F28A420299A5400E1FECA /* AppDelegate.m */ = {isa = PBXFileReference; lastKnownFileType = sourcecode.c.objc; path = AppDelegate.m; sourceTree = "<group>"; };
		147F28A620299A5400E1FECA /* ViewController.h */ = {isa = PBXFileReference; lastKnownFileType = sourcecode.c.h; path = ViewController.h; sourceTree = "<group>"; };
		147F28A720299A5400E1FECA /* ViewController.m */ = {isa = PBXFileReference; lastKnownFileType = sourcecode.c.objc; path = ViewController.m; sourceTree = "<group>"; };
		147F28AA20299A5400E1FECA /* Base */ = {isa = PBXFileReference; lastKnownFileType = file.storyboard; name = Base; path = Base.lproj/Main.storyboard; sourceTree = "<group>"; };
		147F28AC20299A5400E1FECA /* Assets.xcassets */ = {isa = PBXFileReference; lastKnownFileType = folder.assetcatalog; path = Assets.xcassets; sourceTree = "<group>"; };
		147F28AF20299A5400E1FECA /* Base */ = {isa = PBXFileReference; lastKnownFileType = file.storyboard; name = Base; path = Base.lproj/LaunchScreen.storyboard; sourceTree = "<group>"; };
		147F28B120299A5400E1FECA /* Info.plist */ = {isa = PBXFileReference; lastKnownFileType = text.plist.xml; path = Info.plist; sourceTree = "<group>"; };
		147F28B220299A5400E1FECA /* main.m */ = {isa = PBXFileReference; lastKnownFileType = sourcecode.c.objc; path = main.m; sourceTree = "<group>"; };
		147F2DDA202AB8D200E1FECA /* MaioInterstitial.h */ = {isa = PBXFileReference; lastKnownFileType = sourcecode.c.h; path = MaioInterstitial.h; sourceTree = "<group>"; };
		147F2DDB202AB8D200E1FECA /* MaioInterstitial.m */ = {isa = PBXFileReference; lastKnownFileType = sourcecode.c.objc; path = MaioInterstitial.m; sourceTree = "<group>"; };
		147F2DDD202ABA6B00E1FECA /* MaioCredentials.h */ = {isa = PBXFileReference; lastKnownFileType = sourcecode.c.h; path = MaioCredentials.h; sourceTree = "<group>"; };
		147F2DDE202ABA6B00E1FECA /* MaioCredentials.m */ = {isa = PBXFileReference; lastKnownFileType = sourcecode.c.objc; path = MaioCredentials.m; sourceTree = "<group>"; };
		147F2DE0202AC21800E1FECA /* Maio.framework */ = {isa = PBXFileReference; lastKnownFileType = wrapper.framework; path = Maio.framework; sourceTree = "<group>"; };
		147F2DE3202ADDA200E1FECA /* MaioRewardedVideo.h */ = {isa = PBXFileReference; lastKnownFileType = sourcecode.c.h; path = MaioRewardedVideo.h; sourceTree = "<group>"; };
		147F2DE4202ADDA200E1FECA /* MaioRewardedVideo.m */ = {isa = PBXFileReference; lastKnownFileType = sourcecode.c.objc; path = MaioRewardedVideo.m; sourceTree = "<group>"; };
		147F2DE6202AF05200E1FECA /* MaioManager.h */ = {isa = PBXFileReference; lastKnownFileType = sourcecode.c.h; path = MaioManager.h; sourceTree = "<group>"; };
		147F2DE7202AF05200E1FECA /* MaioManager.m */ = {isa = PBXFileReference; lastKnownFileType = sourcecode.c.objc; path = MaioManager.m; sourceTree = "<group>"; };
		5FFA78541A732BC7EA9833E6 /* Pods-mopub.ObjectiveC.release.xcconfig */ = {isa = PBXFileReference; includeInIndex = 1; lastKnownFileType = text.xcconfig; name = "Pods-mopub.ObjectiveC.release.xcconfig"; path = "Target Support Files/Pods-mopub.ObjectiveC/Pods-mopub.ObjectiveC.release.xcconfig"; sourceTree = "<group>"; };
		993EF7AA4602F78592A2F6C5 /* Pods-mopub.ObjectiveC.debug.xcconfig */ = {isa = PBXFileReference; includeInIndex = 1; lastKnownFileType = text.xcconfig; name = "Pods-mopub.ObjectiveC.debug.xcconfig"; path = "Target Support Files/Pods-mopub.ObjectiveC/Pods-mopub.ObjectiveC.debug.xcconfig"; sourceTree = "<group>"; };
		B340301F382FB97BF9BAB4C6 /* Pods_mopub_ObjectiveC.framework */ = {isa = PBXFileReference; explicitFileType = wrapper.framework; includeInIndex = 0; path = Pods_mopub_ObjectiveC.framework; sourceTree = BUILT_PRODUCTS_DIR; };
		C21EEF662267352C00F3B485 /* MaioAdapterConfiguration.h */ = {isa = PBXFileReference; lastKnownFileType = sourcecode.c.h; path = MaioAdapterConfiguration.h; sourceTree = "<group>"; };
		C21EEF672267352C00F3B485 /* MaioAdapterConfiguration.m */ = {isa = PBXFileReference; lastKnownFileType = sourcecode.c.objc; path = MaioAdapterConfiguration.m; sourceTree = "<group>"; };
		C2696CB3229FDDCA00371E78 /* MaioAdStockOutRegister.h */ = {isa = PBXFileReference; lastKnownFileType = sourcecode.c.h; path = MaioAdStockOutRegister.h; sourceTree = "<group>"; };
		C2696CB4229FDDCA00371E78 /* MaioAdStockOutRegister.m */ = {isa = PBXFileReference; lastKnownFileType = sourcecode.c.objc; path = MaioAdStockOutRegister.m; sourceTree = "<group>"; };
/* End PBXFileReference section */

/* Begin PBXFrameworksBuildPhase section */
		147F289D20299A5400E1FECA /* Frameworks */ = {
			isa = PBXFrameworksBuildPhase;
			buildActionMask = 2147483647;
			files = (
				147F2DE1202AC21800E1FECA /* Maio.framework in Frameworks */,
				1F51733FF7F1B88C8BEF6988 /* Pods_mopub_ObjectiveC.framework in Frameworks */,
			);
			runOnlyForDeploymentPostprocessing = 0;
		};
/* End PBXFrameworksBuildPhase section */

/* Begin PBXGroup section */
		147F289720299A5400E1FECA = {
			isa = PBXGroup;
			children = (
				147F28A220299A5400E1FECA /* mopub.ObjectiveC */,
				147F28A120299A5400E1FECA /* Products */,
				147F2B712029A00600E1FECA /* Frameworks */,
				C0D03C98D6AB7614F9CF0D96 /* Pods */,
			);
			sourceTree = "<group>";
		};
		147F28A120299A5400E1FECA /* Products */ = {
			isa = PBXGroup;
			children = (
				147F28A020299A5400E1FECA /* mopub.ObjectiveC.app */,
			);
			name = Products;
			sourceTree = "<group>";
		};
		147F28A220299A5400E1FECA /* mopub.ObjectiveC */ = {
			isa = PBXGroup;
			children = (
				147F2DE2202ADCCC00E1FECA /* MaioMoPubAdapter */,
				147F28A320299A5400E1FECA /* AppDelegate.h */,
				147F28A420299A5400E1FECA /* AppDelegate.m */,
				147F28A620299A5400E1FECA /* ViewController.h */,
				147F28A720299A5400E1FECA /* ViewController.m */,
				147F28A920299A5400E1FECA /* Main.storyboard */,
				147F28AC20299A5400E1FECA /* Assets.xcassets */,
				147F28AE20299A5400E1FECA /* LaunchScreen.storyboard */,
				147F28B120299A5400E1FECA /* Info.plist */,
				147F28B220299A5400E1FECA /* main.m */,
			);
			path = mopub.ObjectiveC;
			sourceTree = "<group>";
		};
		147F2B712029A00600E1FECA /* Frameworks */ = {
			isa = PBXGroup;
			children = (
				147F2DE0202AC21800E1FECA /* Maio.framework */,
				B340301F382FB97BF9BAB4C6 /* Pods_mopub_ObjectiveC.framework */,
			);
			name = Frameworks;
			sourceTree = "<group>";
		};
		147F2DE2202ADCCC00E1FECA /* MaioMoPubAdapter */ = {
			isa = PBXGroup;
			children = (
				147F2DDA202AB8D200E1FECA /* MaioInterstitial.h */,
				147F2DDB202AB8D200E1FECA /* MaioInterstitial.m */,
				147F2DDD202ABA6B00E1FECA /* MaioCredentials.h */,
				147F2DDE202ABA6B00E1FECA /* MaioCredentials.m */,
				147F2DE3202ADDA200E1FECA /* MaioRewardedVideo.h */,
				147F2DE4202ADDA200E1FECA /* MaioRewardedVideo.m */,
				147F2DE6202AF05200E1FECA /* MaioManager.h */,
				147F2DE7202AF05200E1FECA /* MaioManager.m */,
				1476DDF02071F46000D0414A /* MaioError.h */,
				1476DDF12071F46000D0414A /* MaioError.m */,
				C21EEF662267352C00F3B485 /* MaioAdapterConfiguration.h */,
				C21EEF672267352C00F3B485 /* MaioAdapterConfiguration.m */,
				C2696CB3229FDDCA00371E78 /* MaioAdStockOutRegister.h */,
				C2696CB4229FDDCA00371E78 /* MaioAdStockOutRegister.m */,
			);
			path = MaioMoPubAdapter;
			sourceTree = "<group>";
		};
		C0D03C98D6AB7614F9CF0D96 /* Pods */ = {
			isa = PBXGroup;
			children = (
				993EF7AA4602F78592A2F6C5 /* Pods-mopub.ObjectiveC.debug.xcconfig */,
				5FFA78541A732BC7EA9833E6 /* Pods-mopub.ObjectiveC.release.xcconfig */,
			);
			path = Pods;
			sourceTree = "<group>";
		};
/* End PBXGroup section */

/* Begin PBXNativeTarget section */
		147F289F20299A5400E1FECA /* mopub.ObjectiveC */ = {
			isa = PBXNativeTarget;
			buildConfigurationList = 147F28B620299A5400E1FECA /* Build configuration list for PBXNativeTarget "mopub.ObjectiveC" */;
			buildPhases = (
				53BFEE792E6E84048F36539A /* [CP] Check Pods Manifest.lock */,
				147F289C20299A5400E1FECA /* Sources */,
				147F289D20299A5400E1FECA /* Frameworks */,
				147F289E20299A5400E1FECA /* Resources */,
				147F2B7020299FFF00E1FECA /* Embed Frameworks */,
				D70FAB71B7E39576CD76FEB7 /* [CP] Embed Pods Frameworks */,
			);
			buildRules = (
			);
			dependencies = (
			);
			name = mopub.ObjectiveC;
			productName = mopub.ObjectiveC;
			productReference = 147F28A020299A5400E1FECA /* mopub.ObjectiveC.app */;
			productType = "com.apple.product-type.application";
		};
/* End PBXNativeTarget section */

/* Begin PBXProject section */
		147F289820299A5400E1FECA /* Project object */ = {
			isa = PBXProject;
			attributes = {
				LastUpgradeCheck = 0910;
				ORGANIZATIONNAME = maio;
				TargetAttributes = {
					147F289F20299A5400E1FECA = {
						CreatedOnToolsVersion = 9.1;
						ProvisioningStyle = Automatic;
					};
				};
			};
			buildConfigurationList = 147F289B20299A5400E1FECA /* Build configuration list for PBXProject "mopub.ObjectiveC" */;
			compatibilityVersion = "Xcode 8.0";
			developmentRegion = en;
			hasScannedForEncodings = 0;
			knownRegions = (
				en,
				Base,
			);
			mainGroup = 147F289720299A5400E1FECA;
			productRefGroup = 147F28A120299A5400E1FECA /* Products */;
			projectDirPath = "";
			projectRoot = "";
			targets = (
				147F289F20299A5400E1FECA /* mopub.ObjectiveC */,
			);
		};
/* End PBXProject section */

/* Begin PBXResourcesBuildPhase section */
		147F289E20299A5400E1FECA /* Resources */ = {
			isa = PBXResourcesBuildPhase;
			buildActionMask = 2147483647;
			files = (
				147F28B020299A5400E1FECA /* LaunchScreen.storyboard in Resources */,
				147F28AD20299A5400E1FECA /* Assets.xcassets in Resources */,
				147F28AB20299A5400E1FECA /* Main.storyboard in Resources */,
			);
			runOnlyForDeploymentPostprocessing = 0;
		};
/* End PBXResourcesBuildPhase section */

/* Begin PBXShellScriptBuildPhase section */
		53BFEE792E6E84048F36539A /* [CP] Check Pods Manifest.lock */ = {
			isa = PBXShellScriptBuildPhase;
			buildActionMask = 2147483647;
			files = (
			);
			inputFileListPaths = (
			);
			inputPaths = (
				"${PODS_PODFILE_DIR_PATH}/Podfile.lock",
				"${PODS_ROOT}/Manifest.lock",
			);
			name = "[CP] Check Pods Manifest.lock";
			outputFileListPaths = (
			);
			outputPaths = (
				"$(DERIVED_FILE_DIR)/Pods-mopub.ObjectiveC-checkManifestLockResult.txt",
			);
			runOnlyForDeploymentPostprocessing = 0;
			shellPath = /bin/sh;
			shellScript = "diff \"${PODS_PODFILE_DIR_PATH}/Podfile.lock\" \"${PODS_ROOT}/Manifest.lock\" > /dev/null\nif [ $? != 0 ] ; then\n    # print error to STDERR\n    echo \"error: The sandbox is not in sync with the Podfile.lock. Run 'pod install' or update your CocoaPods installation.\" >&2\n    exit 1\nfi\n# This output is used by Xcode 'outputs' to avoid re-running this script phase.\necho \"SUCCESS\" > \"${SCRIPT_OUTPUT_FILE_0}\"\n";
			showEnvVarsInLog = 0;
		};
		D70FAB71B7E39576CD76FEB7 /* [CP] Embed Pods Frameworks */ = {
			isa = PBXShellScriptBuildPhase;
			buildActionMask = 2147483647;
			files = (
			);
			inputPaths = (
				"${PODS_ROOT}/Target Support Files/Pods-mopub.ObjectiveC/Pods-mopub.ObjectiveC-frameworks.sh",
				"${BUILT_PRODUCTS_DIR}/mopub-ios-sdk/MoPub.framework",
			);
			name = "[CP] Embed Pods Frameworks";
			outputPaths = (
				"${TARGET_BUILD_DIR}/${FRAMEWORKS_FOLDER_PATH}/MoPub.framework",
			);
			runOnlyForDeploymentPostprocessing = 0;
			shellPath = /bin/sh;
			shellScript = "\"${PODS_ROOT}/Target Support Files/Pods-mopub.ObjectiveC/Pods-mopub.ObjectiveC-frameworks.sh\"\n";
			showEnvVarsInLog = 0;
		};
/* End PBXShellScriptBuildPhase section */

/* Begin PBXSourcesBuildPhase section */
		147F289C20299A5400E1FECA /* Sources */ = {
			isa = PBXSourcesBuildPhase;
			buildActionMask = 2147483647;
			files = (
				147F2DDC202AB8D200E1FECA /* MaioInterstitial.m in Sources */,
				147F2DDF202ABA6B00E1FECA /* MaioCredentials.m in Sources */,
				147F28A820299A5400E1FECA /* ViewController.m in Sources */,
				147F2DE8202AF05200E1FECA /* MaioManager.m in Sources */,
				C21EEF682267352C00F3B485 /* MaioAdapterConfiguration.m in Sources */,
				147F28B320299A5400E1FECA /* main.m in Sources */,
				147F2DE5202ADDA200E1FECA /* MaioRewardedVideo.m in Sources */,
				1476DDF22071F46000D0414A /* MaioError.m in Sources */,
				C2696CB5229FDDCA00371E78 /* MaioAdStockOutRegister.m in Sources */,
				147F28A520299A5400E1FECA /* AppDelegate.m in Sources */,
			);
			runOnlyForDeploymentPostprocessing = 0;
		};
/* End PBXSourcesBuildPhase section */

/* Begin PBXVariantGroup section */
		147F28A920299A5400E1FECA /* Main.storyboard */ = {
			isa = PBXVariantGroup;
			children = (
				147F28AA20299A5400E1FECA /* Base */,
			);
			name = Main.storyboard;
			sourceTree = "<group>";
		};
		147F28AE20299A5400E1FECA /* LaunchScreen.storyboard */ = {
			isa = PBXVariantGroup;
			children = (
				147F28AF20299A5400E1FECA /* Base */,
			);
			name = LaunchScreen.storyboard;
			sourceTree = "<group>";
		};
/* End PBXVariantGroup section */

/* Begin XCBuildConfiguration section */
		147F28B420299A5400E1FECA /* Debug */ = {
			isa = XCBuildConfiguration;
			buildSettings = {
				ALWAYS_SEARCH_USER_PATHS = NO;
				CLANG_ANALYZER_NONNULL = YES;
				CLANG_ANALYZER_NUMBER_OBJECT_CONVERSION = YES_AGGRESSIVE;
				CLANG_CXX_LANGUAGE_STANDARD = "gnu++14";
				CLANG_CXX_LIBRARY = "libc++";
				CLANG_ENABLE_MODULES = YES;
				CLANG_ENABLE_OBJC_ARC = YES;
				CLANG_WARN_BLOCK_CAPTURE_AUTORELEASING = YES;
				CLANG_WARN_BOOL_CONVERSION = YES;
				CLANG_WARN_COMMA = YES;
				CLANG_WARN_CONSTANT_CONVERSION = YES;
				CLANG_WARN_DIRECT_OBJC_ISA_USAGE = YES_ERROR;
				CLANG_WARN_DOCUMENTATION_COMMENTS = YES;
				CLANG_WARN_EMPTY_BODY = YES;
				CLANG_WARN_ENUM_CONVERSION = YES;
				CLANG_WARN_INFINITE_RECURSION = YES;
				CLANG_WARN_INT_CONVERSION = YES;
				CLANG_WARN_NON_LITERAL_NULL_CONVERSION = YES;
				CLANG_WARN_OBJC_LITERAL_CONVERSION = YES;
				CLANG_WARN_OBJC_ROOT_CLASS = YES_ERROR;
				CLANG_WARN_RANGE_LOOP_ANALYSIS = YES;
				CLANG_WARN_STRICT_PROTOTYPES = YES;
				CLANG_WARN_SUSPICIOUS_MOVE = YES;
				CLANG_WARN_UNGUARDED_AVAILABILITY = YES_AGGRESSIVE;
				CLANG_WARN_UNREACHABLE_CODE = YES;
				CLANG_WARN__DUPLICATE_METHOD_MATCH = YES;
				CODE_SIGN_IDENTITY = "iPhone Developer";
				COPY_PHASE_STRIP = NO;
				DEBUG_INFORMATION_FORMAT = dwarf;
				ENABLE_STRICT_OBJC_MSGSEND = YES;
				ENABLE_TESTABILITY = YES;
				GCC_C_LANGUAGE_STANDARD = gnu11;
				GCC_DYNAMIC_NO_PIC = NO;
				GCC_NO_COMMON_BLOCKS = YES;
				GCC_OPTIMIZATION_LEVEL = 0;
				GCC_PREPROCESSOR_DEFINITIONS = (
					"DEBUG=1",
					"$(inherited)",
				);
				GCC_WARN_64_TO_32_BIT_CONVERSION = YES;
				GCC_WARN_ABOUT_RETURN_TYPE = YES_ERROR;
				GCC_WARN_UNDECLARED_SELECTOR = YES;
				GCC_WARN_UNINITIALIZED_AUTOS = YES_AGGRESSIVE;
				GCC_WARN_UNUSED_FUNCTION = YES;
				GCC_WARN_UNUSED_VARIABLE = YES;
				IPHONEOS_DEPLOYMENT_TARGET = 11.1;
				MTL_ENABLE_DEBUG_INFO = YES;
				ONLY_ACTIVE_ARCH = YES;
				SDKROOT = iphoneos;
			};
			name = Debug;
		};
		147F28B520299A5400E1FECA /* Release */ = {
			isa = XCBuildConfiguration;
			buildSettings = {
				ALWAYS_SEARCH_USER_PATHS = NO;
				CLANG_ANALYZER_NONNULL = YES;
				CLANG_ANALYZER_NUMBER_OBJECT_CONVERSION = YES_AGGRESSIVE;
				CLANG_CXX_LANGUAGE_STANDARD = "gnu++14";
				CLANG_CXX_LIBRARY = "libc++";
				CLANG_ENABLE_MODULES = YES;
				CLANG_ENABLE_OBJC_ARC = YES;
				CLANG_WARN_BLOCK_CAPTURE_AUTORELEASING = YES;
				CLANG_WARN_BOOL_CONVERSION = YES;
				CLANG_WARN_COMMA = YES;
				CLANG_WARN_CONSTANT_CONVERSION = YES;
				CLANG_WARN_DIRECT_OBJC_ISA_USAGE = YES_ERROR;
				CLANG_WARN_DOCUMENTATION_COMMENTS = YES;
				CLANG_WARN_EMPTY_BODY = YES;
				CLANG_WARN_ENUM_CONVERSION = YES;
				CLANG_WARN_INFINITE_RECURSION = YES;
				CLANG_WARN_INT_CONVERSION = YES;
				CLANG_WARN_NON_LITERAL_NULL_CONVERSION = YES;
				CLANG_WARN_OBJC_LITERAL_CONVERSION = YES;
				CLANG_WARN_OBJC_ROOT_CLASS = YES_ERROR;
				CLANG_WARN_RANGE_LOOP_ANALYSIS = YES;
				CLANG_WARN_STRICT_PROTOTYPES = YES;
				CLANG_WARN_SUSPICIOUS_MOVE = YES;
				CLANG_WARN_UNGUARDED_AVAILABILITY = YES_AGGRESSIVE;
				CLANG_WARN_UNREACHABLE_CODE = YES;
				CLANG_WARN__DUPLICATE_METHOD_MATCH = YES;
				CODE_SIGN_IDENTITY = "iPhone Developer";
				COPY_PHASE_STRIP = NO;
				DEBUG_INFORMATION_FORMAT = "dwarf-with-dsym";
				ENABLE_NS_ASSERTIONS = NO;
				ENABLE_STRICT_OBJC_MSGSEND = YES;
				GCC_C_LANGUAGE_STANDARD = gnu11;
				GCC_NO_COMMON_BLOCKS = YES;
				GCC_WARN_64_TO_32_BIT_CONVERSION = YES;
				GCC_WARN_ABOUT_RETURN_TYPE = YES_ERROR;
				GCC_WARN_UNDECLARED_SELECTOR = YES;
				GCC_WARN_UNINITIALIZED_AUTOS = YES_AGGRESSIVE;
				GCC_WARN_UNUSED_FUNCTION = YES;
				GCC_WARN_UNUSED_VARIABLE = YES;
				IPHONEOS_DEPLOYMENT_TARGET = 11.1;
				MTL_ENABLE_DEBUG_INFO = NO;
				SDKROOT = iphoneos;
				VALIDATE_PRODUCT = YES;
			};
			name = Release;
		};
		147F28B720299A5400E1FECA /* Debug */ = {
			isa = XCBuildConfiguration;
			baseConfigurationReference = 993EF7AA4602F78592A2F6C5 /* Pods-mopub.ObjectiveC.debug.xcconfig */;
			buildSettings = {
				ASSETCATALOG_COMPILER_APPICON_NAME = AppIcon;
				CODE_SIGN_STYLE = Automatic;
				DEVELOPMENT_TEAM = V4NXQHLYQP;
				FRAMEWORK_SEARCH_PATHS = (
					"$(inherited)",
					"$(PROJECT_DIR)/mopub.ObjectiveC/MoPubSDK/Viewability/MOAT",
					"$(PROJECT_DIR)",
				);
				INFOPLIST_FILE = mopub.ObjectiveC/Info.plist;
				IPHONEOS_DEPLOYMENT_TARGET = 9.0;
				LD_RUNPATH_SEARCH_PATHS = "$(inherited) @executable_path/Frameworks";
				LIBRARY_SEARCH_PATHS = (
					"$(inherited)",
					"$(PROJECT_DIR)/mopub.ObjectiveC/MoPubSDK/Viewability/Avid",
				);
				OTHER_LDFLAGS = (
					"$(inherited)",
					"-ObjC",
				);
				PRODUCT_BUNDLE_IDENTIFIER = "jp.maio.mopub-ObjectiveC";
				PRODUCT_NAME = "$(TARGET_NAME)";
				TARGETED_DEVICE_FAMILY = "1,2";
			};
			name = Debug;
		};
		147F28B820299A5400E1FECA /* Release */ = {
			isa = XCBuildConfiguration;
			baseConfigurationReference = 5FFA78541A732BC7EA9833E6 /* Pods-mopub.ObjectiveC.release.xcconfig */;
			buildSettings = {
				ASSETCATALOG_COMPILER_APPICON_NAME = AppIcon;
				CODE_SIGN_STYLE = Automatic;
				DEVELOPMENT_TEAM = V4NXQHLYQP;
				FRAMEWORK_SEARCH_PATHS = (
					"$(inherited)",
					"$(PROJECT_DIR)/mopub.ObjectiveC/MoPubSDK/Viewability/MOAT",
					"$(PROJECT_DIR)",
				);
				INFOPLIST_FILE = mopub.ObjectiveC/Info.plist;
				IPHONEOS_DEPLOYMENT_TARGET = 9.0;
				LD_RUNPATH_SEARCH_PATHS = "$(inherited) @executable_path/Frameworks";
				LIBRARY_SEARCH_PATHS = (
					"$(inherited)",
					"$(PROJECT_DIR)/mopub.ObjectiveC/MoPubSDK/Viewability/Avid",
				);
				OTHER_LDFLAGS = (
					"$(inherited)",
					"-ObjC",
				);
				PRODUCT_BUNDLE_IDENTIFIER = "jp.maio.mopub-ObjectiveC";
				PRODUCT_NAME = "$(TARGET_NAME)";
				TARGETED_DEVICE_FAMILY = "1,2";
			};
			name = Release;
		};
/* End XCBuildConfiguration section */

/* Begin XCConfigurationList section */
		147F289B20299A5400E1FECA /* Build configuration list for PBXProject "mopub.ObjectiveC" */ = {
			isa = XCConfigurationList;
			buildConfigurations = (
				147F28B420299A5400E1FECA /* Debug */,
				147F28B520299A5400E1FECA /* Release */,
			);
			defaultConfigurationIsVisible = 0;
			defaultConfigurationName = Release;
		};
		147F28B620299A5400E1FECA /* Build configuration list for PBXNativeTarget "mopub.ObjectiveC" */ = {
			isa = XCConfigurationList;
			buildConfigurations = (
				147F28B720299A5400E1FECA /* Debug */,
				147F28B820299A5400E1FECA /* Release */,
			);
			defaultConfigurationIsVisible = 0;
			defaultConfigurationName = Release;
		};
/* End XCConfigurationList section */
	};
	rootObject = 147F289820299A5400E1FECA /* Project object */;
}
