PODS:
  - mopub-ios-sdk (5.17.0):
    - mopub-ios-sdk/MoPubSDK (= 5.17.0)
  - mopub-ios-sdk/Core (5.17.0)
  - mopub-ios-sdk/MoPubSDK (5.17.0):
    - mopub-ios-sdk/Core
    - mopub-ios-sdk/NativeAds
  - mopub-ios-sdk/NativeAds (5.17.0):
    - mopub-ios-sdk/Core

DEPENDENCIES:
  - mopub-ios-sdk (~> 5.17.0)

SPEC REPOS:
  https://github.com/CocoaPods/Specs:
    - mopub-ios-sdk

SPEC CHECKSUMS:
  mopub-ios-sdk: 36d322902674b79b0560a1cb8d15af0548d364ea

PODFILE CHECKSUM: 46861713182ee48f1e2d1ba799d093a686f8ad9f

COCOAPODS: 1.10.1
