PODS:
  - mopub-ios-sdk (5.13.0):
    - mopub-ios-sdk/MoPubSDK (= 5.13.0)
  - mopub-ios-sdk/Core (5.13.0)
  - mopub-ios-sdk/MoPubSDK (5.13.0):
    - mopub-ios-sdk/Core
    - mopub-ios-sdk/NativeAds
  - mopub-ios-sdk/NativeAds (5.13.0):
    - mopub-ios-sdk/Core

DEPENDENCIES:
  - mopub-ios-sdk (~> 5.13.0)

SPEC REPOS:
  trunk:
    - mopub-ios-sdk

SPEC CHECKSUMS:
  mopub-ios-sdk: 10865909734ce73d755dc23003a381497fbbb792

PODFILE CHECKSUM: fd88946d253e6da94ac0c2e5ecd1cb5f12d29347

COCOAPODS: 1.9.3
